
Microsoft Visual Studio Solution File, Format Version 12.00
# Visual Studio Version 16
VisualStudioVersion = 16.0.34601.136
MinimumVisualStudioVersion = 10.0.40219.1
Project("{9A19103F-16F7-4668-BE54-9A1E7A4F7556}") = "FormacaoNetDio", "FormacaoNetDio.csproj", "{77EF0FDE-EBCD-4C47-B21E-76085975502B}"
EndProject
Project("{2150E333-8FDC-42A3-9474-1A3956D46DE8}") = "textos", "textos", "{3016AAA7-A5A3-4140-9186-814221795E20}"
EndProject
Project("{9A19103F-16F7-4668-BE54-9A1E7A4F7556}") = "PacotesNugets", "..\PacotesNugets\PacotesNugets.csproj", "{CF5276D4-F0CF-474B-A65E-CD30C10DD8A1}"
EndProject
Project("{FAE04EC0-301F-11D3-BF4B-00C04F79EFBC}") = "AulasPOO", "..\AulasPOO\AulasPOO.csproj", "{3E4CD2CE-4F23-4628-BED2-4986AC9338DA}"
EndProject
Global
	GlobalSection(SolutionConfigurationPlatforms) = preSolution
		Debug|Any CPU = Debug|Any CPU
		Release|Any CPU = Release|Any CPU
	EndGlobalSection
	GlobalSection(ProjectConfigurationPlatforms) = postSolution
		{77EF0FDE-EBCD-4C47-B21E-76085975502B}.Debug|Any CPU.ActiveCfg = Debug|Any CPU
		{77EF0FDE-EBCD-4C47-B21E-76085975502B}.Debug|Any CPU.Build.0 = Debug|Any CPU
		{77EF0FDE-EBCD-4C47-B21E-76085975502B}.Release|Any CPU.ActiveCfg = Release|Any CPU
		{77EF0FDE-EBCD-4C47-B21E-76085975502B}.Release|Any CPU.Build.0 = Release|Any CPU
		{CF5276D4-F0CF-474B-A65E-CD30C10DD8A1}.Debug|Any CPU.ActiveCfg = Debug|Any CPU
		{CF5276D4-F0CF-474B-A65E-CD30C10DD8A1}.Debug|Any CPU.Build.0 = Debug|Any CPU
		{CF5276D4-F0CF-474B-A65E-CD30C10DD8A1}.Release|Any CPU.ActiveCfg = Release|Any CPU
		{CF5276D4-F0CF-474B-A65E-CD30C10DD8A1}.Release|Any CPU.Build.0 = Release|Any CPU
		{3E4CD2CE-4F23-4628-BED2-4986AC9338DA}.Debug|Any CPU.ActiveCfg = Debug|Any CPU
		{3E4CD2CE-4F23-4628-BED2-4986AC9338DA}.Debug|Any CPU.Build.0 = Debug|Any CPU
		{3E4CD2CE-4F23-4628-BED2-4986AC9338DA}.Release|Any CPU.ActiveCfg = Release|Any CPU
		{3E4CD2CE-4F23-4628-BED2-4986AC9338DA}.Release|Any CPU.Build.0 = Release|Any CPU
	EndGlobalSection
	GlobalSection(SolutionProperties) = preSolution
		HideSolutionNode = FALSE
	EndGlobalSection
	GlobalSection(ExtensibilityGlobals) = postSolution
		SolutionGuid = {F7857409-BC18-4173-A548-A644BF8319B8}
	EndGlobalSection
EndGlobal
